{
  "requires": true,
  "lockfileVersion": 1,
  "dependencies": {
    "google-tasks-api": {
      "version": "1.2.0",
      "resolved": "https://registry.npmjs.org/google-tasks-api/-/google-tasks-api-1.2.0.tgz",
      "integrity": "sha512-xlnzKaC/AmArFzLRmfPlHNL5MXww+AZ/3fPp3tgyunRSugXeu/Vzha3R/DrZ9E2imFBCGlHo9s6fik6kZsT7UQ=="
    }
  }
}
